
Microsoft Visual Studio Solution File, Format Version 12.00
# Visual Studio 14
VisualStudioVersion = 14.0.25123.0
MinimumVisualStudioVersion = 10.0.40219.1
Project("{F2A71F9B-5D33-465A-A702-920D77279786}") = "Tutorial", "Tutorial\Tutorial.fsproj", "{D932E16A-F61E-4620-8601-F779B0A78450}"
EndProject
Project("{F2A71F9B-5D33-465A-A702-920D77279786}") = "FSharpXamarin.AppAndroid", "FSharpXamarin.AppAndroid\FSharpXamarin.AppAndroid.fsproj", "{C018C1AA-7734-4C98-966D-D4EE17980206}"
EndProject
Project("{F2A71F9B-5D33-465A-A702-920D77279786}") = "FSharpXamarin.AppiOS", "FSharpXamarin.AppiOS\FSharpXamarin.AppiOS.fsproj", "{FE9E9FFF-C6DC-470B-9E4B-F212DC6D1054}"
EndProject
Project("{F2A71F9B-5D33-465A-A702-920D77279786}") = "FSharpXamarin.Common", "FSharpXamarin.Common\FSharpXamarin.Common.fsproj", "{51E26000-CFBE-4BFF-908C-1F4EFD536BA4}"
EndProject
Project("{FAE04EC0-301F-11D3-BF4B-00C04F79EFBC}") = "FSharpXamarin.AppUwp", "FSharpXamarin.AppUwp\FSharpXamarin.AppUwp.csproj", "{583E6F06-7A39-4A63-BA8E-8D267000D6A7}"
EndProject
Project("{2150E333-8FDC-42A3-9474-1A3956D46DE8}") = "FSharpXamarin.AppWindows8", "FSharpXamarin.AppWindows8", "{1A4D67B3-3B91-45A9-99C4-B3DA54457DB2}"
EndProject
Project("{D954291E-2A0B-460D-934E-DC6B0785DB48}") = "FSharpXamarin.AppWindows8.Shared", "FSharpXamarin.AppWindows8\FSharpXamarin.AppWindows8.Shared\FSharpXamarin.AppWindows8.Shared.shproj", "{632BBDA2-0ECA-42AE-9589-D57D22D55ACF}"
EndProject
Project("{FAE04EC0-301F-11D3-BF4B-00C04F79EFBC}") = "FSharpXamarin.AppWindows8.Windows", "FSharpXamarin.AppWindows8\FSharpXamarin.AppWindows8.Windows\FSharpXamarin.AppWindows8.Windows.csproj", "{EB4D4F48-45CE-4926-9D9B-1B80235BF7EA}"
EndProject
Project("{FAE04EC0-301F-11D3-BF4B-00C04F79EFBC}") = "FSharpXamarin.AppWindows8.WindowsPhone", "FSharpXamarin.AppWindows8\FSharpXamarin.AppWindows8.WindowsPhone\FSharpXamarin.AppWindows8.WindowsPhone.csproj", "{197A9406-288E-498D-BD73-2D993A6B7137}"
EndProject
Project("{FAE04EC0-301F-11D3-BF4B-00C04F79EFBC}") = "FSharpXamarin.CSharpUI.AppAndroid", "FSharpXamarin.CSharpUI.AppAndroid\FSharpXamarin.CSharpUI.AppAndroid.csproj", "{B876A426-A531-4397-AC19-96B239059D54}"
EndProject
Project("{2150E333-8FDC-42A3-9474-1A3956D46DE8}") = "CSharpUI.FSharpLib.VS2015", "CSharpUI.FSharpLib.VS2015", "{BE563CEA-075C-4D6A-A4CA-9ABE57AA51C8}"
EndProject
Project("{F2A71F9B-5D33-465A-A702-920D77279786}") = "FSharpXamarin.FSharpPortableLibCreatedByVS2015", "FSharpXamarin.FSharpPortableLibCreatedByVS2015\FSharpXamarin.FSharpPortableLibCreatedByVS2015.fsproj", "{A025B45D-F2B4-4B1F-B469-C7779F817C6F}"
EndProject
Project("{FAE04EC0-301F-11D3-BF4B-00C04F79EFBC}") = "FSharpXamarin.CSharpUI.VS2015.AppAndroid", "FSharpXamarin.CSharpUI.VS2015.AppAndroid\FSharpXamarin.CSharpUI.VS2015.AppAndroid.csproj", "{A4E1F105-FCCB-4AD8-A0A7-543220B966E9}"
EndProject
Global
	GlobalSection(SharedMSBuildProjectFiles) = preSolution
		FSharpXamarin.AppWindows8\FSharpXamarin.AppWindows8.Shared\FSharpXamarin.AppWindows8.Shared.projitems*{eb4d4f48-45ce-4926-9d9b-1b80235bf7ea}*SharedItemsImports = 4
		FSharpXamarin.AppWindows8\FSharpXamarin.AppWindows8.Shared\FSharpXamarin.AppWindows8.Shared.projitems*{632bbda2-0eca-42ae-9589-d57d22d55acf}*SharedItemsImports = 13
		FSharpXamarin.AppWindows8\FSharpXamarin.AppWindows8.Shared\FSharpXamarin.AppWindows8.Shared.projitems*{197a9406-288e-498d-bd73-2d993a6b7137}*SharedItemsImports = 4
	EndGlobalSection
	GlobalSection(SolutionConfigurationPlatforms) = preSolution
		Ad-Hoc|Any CPU = Ad-Hoc|Any CPU
		Ad-Hoc|ARM = Ad-Hoc|ARM
		Ad-Hoc|iPhone = Ad-Hoc|iPhone
		Ad-Hoc|iPhoneSimulator = Ad-Hoc|iPhoneSimulator
		Ad-Hoc|x64 = Ad-Hoc|x64
		Ad-Hoc|x86 = Ad-Hoc|x86
		AppStore|Any CPU = AppStore|Any CPU
		AppStore|ARM = AppStore|ARM
		AppStore|iPhone = AppStore|iPhone
		AppStore|iPhoneSimulator = AppStore|iPhoneSimulator
		AppStore|x64 = AppStore|x64
		AppStore|x86 = AppStore|x86
		Debug|Any CPU = Debug|Any CPU
		Debug|ARM = Debug|ARM
		Debug|iPhone = Debug|iPhone
		Debug|iPhoneSimulator = Debug|iPhoneSimulator
		Debug|x64 = Debug|x64
		Debug|x86 = Debug|x86
		Release|Any CPU = Release|Any CPU
		Release|ARM = Release|ARM
		Release|iPhone = Release|iPhone
		Release|iPhoneSimulator = Release|iPhoneSimulator
		Release|x64 = Release|x64
		Release|x86 = Release|x86
	EndGlobalSection
	GlobalSection(ProjectConfigurationPlatforms) = postSolution
		{D932E16A-F61E-4620-8601-F779B0A78450}.Ad-Hoc|Any CPU.ActiveCfg = Release|Any CPU
		{D932E16A-F61E-4620-8601-F779B0A78450}.Ad-Hoc|Any CPU.Build.0 = Release|Any CPU
		{D932E16A-F61E-4620-8601-F779B0A78450}.Ad-Hoc|ARM.ActiveCfg = Release|Any CPU
		{D932E16A-F61E-4620-8601-F779B0A78450}.Ad-Hoc|ARM.Build.0 = Release|Any CPU
		{D932E16A-F61E-4620-8601-F779B0A78450}.Ad-Hoc|iPhone.ActiveCfg = Release|Any CPU
		{D932E16A-F61E-4620-8601-F779B0A78450}.Ad-Hoc|iPhone.Build.0 = Release|Any CPU
		{D932E16A-F61E-4620-8601-F779B0A78450}.Ad-Hoc|iPhoneSimulator.ActiveCfg = Release|Any CPU
		{D932E16A-F61E-4620-8601-F779B0A78450}.Ad-Hoc|iPhoneSimulator.Build.0 = Release|Any CPU
		{D932E16A-F61E-4620-8601-F779B0A78450}.Ad-Hoc|x64.ActiveCfg = Release|Any CPU
		{D932E16A-F61E-4620-8601-F779B0A78450}.Ad-Hoc|x64.Build.0 = Release|Any CPU
		{D932E16A-F61E-4620-8601-F779B0A78450}.Ad-Hoc|x86.ActiveCfg = Release|Any CPU
		{D932E16A-F61E-4620-8601-F779B0A78450}.Ad-Hoc|x86.Build.0 = Release|Any CPU
		{D932E16A-F61E-4620-8601-F779B0A78450}.AppStore|Any CPU.ActiveCfg = Release|Any CPU
		{D932E16A-F61E-4620-8601-F779B0A78450}.AppStore|Any CPU.Build.0 = Release|Any CPU
		{D932E16A-F61E-4620-8601-F779B0A78450}.AppStore|ARM.ActiveCfg = Release|Any CPU
		{D932E16A-F61E-4620-8601-F779B0A78450}.AppStore|ARM.Build.0 = Release|Any CPU
		{D932E16A-F61E-4620-8601-F779B0A78450}.AppStore|iPhone.ActiveCfg = Release|Any CPU
		{D932E16A-F61E-4620-8601-F779B0A78450}.AppStore|iPhone.Build.0 = Release|Any CPU
		{D932E16A-F61E-4620-8601-F779B0A78450}.AppStore|iPhoneSimulator.ActiveCfg = Release|Any CPU
		{D932E16A-F61E-4620-8601-F779B0A78450}.AppStore|iPhoneSimulator.Build.0 = Release|Any CPU
		{D932E16A-F61E-4620-8601-F779B0A78450}.AppStore|x64.ActiveCfg = Release|Any CPU
		{D932E16A-F61E-4620-8601-F779B0A78450}.AppStore|x64.Build.0 = Release|Any CPU
		{D932E16A-F61E-4620-8601-F779B0A78450}.AppStore|x86.ActiveCfg = Release|Any CPU
		{D932E16A-F61E-4620-8601-F779B0A78450}.AppStore|x86.Build.0 = Release|Any CPU
		{D932E16A-F61E-4620-8601-F779B0A78450}.Debug|Any CPU.ActiveCfg = Debug|Any CPU
		{D932E16A-F61E-4620-8601-F779B0A78450}.Debug|Any CPU.Build.0 = Debug|Any CPU
		{D932E16A-F61E-4620-8601-F779B0A78450}.Debug|ARM.ActiveCfg = Debug|Any CPU
		{D932E16A-F61E-4620-8601-F779B0A78450}.Debug|ARM.Build.0 = Debug|Any CPU
		{D932E16A-F61E-4620-8601-F779B0A78450}.Debug|iPhone.ActiveCfg = Debug|Any CPU
		{D932E16A-F61E-4620-8601-F779B0A78450}.Debug|iPhone.Build.0 = Debug|Any CPU
		{D932E16A-F61E-4620-8601-F779B0A78450}.Debug|iPhoneSimulator.ActiveCfg = Debug|Any CPU
		{D932E16A-F61E-4620-8601-F779B0A78450}.Debug|iPhoneSimulator.Build.0 = Debug|Any CPU
		{D932E16A-F61E-4620-8601-F779B0A78450}.Debug|x64.ActiveCfg = Debug|Any CPU
		{D932E16A-F61E-4620-8601-F779B0A78450}.Debug|x64.Build.0 = Debug|Any CPU
		{D932E16A-F61E-4620-8601-F779B0A78450}.Debug|x86.ActiveCfg = Debug|Any CPU
		{D932E16A-F61E-4620-8601-F779B0A78450}.Debug|x86.Build.0 = Debug|Any CPU
		{D932E16A-F61E-4620-8601-F779B0A78450}.Release|Any CPU.ActiveCfg = Release|Any CPU
		{D932E16A-F61E-4620-8601-F779B0A78450}.Release|Any CPU.Build.0 = Release|Any CPU
		{D932E16A-F61E-4620-8601-F779B0A78450}.Release|ARM.ActiveCfg = Release|Any CPU
		{D932E16A-F61E-4620-8601-F779B0A78450}.Release|ARM.Build.0 = Release|Any CPU
		{D932E16A-F61E-4620-8601-F779B0A78450}.Release|iPhone.ActiveCfg = Release|Any CPU
		{D932E16A-F61E-4620-8601-F779B0A78450}.Release|iPhone.Build.0 = Release|Any CPU
		{D932E16A-F61E-4620-8601-F779B0A78450}.Release|iPhoneSimulator.ActiveCfg = Release|Any CPU
		{D932E16A-F61E-4620-8601-F779B0A78450}.Release|iPhoneSimulator.Build.0 = Release|Any CPU
		{D932E16A-F61E-4620-8601-F779B0A78450}.Release|x64.ActiveCfg = Release|Any CPU
		{D932E16A-F61E-4620-8601-F779B0A78450}.Release|x64.Build.0 = Release|Any CPU
		{D932E16A-F61E-4620-8601-F779B0A78450}.Release|x86.ActiveCfg = Release|Any CPU
		{D932E16A-F61E-4620-8601-F779B0A78450}.Release|x86.Build.0 = Release|Any CPU
		{C018C1AA-7734-4C98-966D-D4EE17980206}.Ad-Hoc|Any CPU.ActiveCfg = Release|Any CPU
		{C018C1AA-7734-4C98-966D-D4EE17980206}.Ad-Hoc|Any CPU.Build.0 = Release|Any CPU
		{C018C1AA-7734-4C98-966D-D4EE17980206}.Ad-Hoc|Any CPU.Deploy.0 = Release|Any CPU
		{C018C1AA-7734-4C98-966D-D4EE17980206}.Ad-Hoc|ARM.ActiveCfg = Release|Any CPU
		{C018C1AA-7734-4C98-966D-D4EE17980206}.Ad-Hoc|ARM.Build.0 = Release|Any CPU
		{C018C1AA-7734-4C98-966D-D4EE17980206}.Ad-Hoc|ARM.Deploy.0 = Release|Any CPU
		{C018C1AA-7734-4C98-966D-D4EE17980206}.Ad-Hoc|iPhone.ActiveCfg = Release|Any CPU
		{C018C1AA-7734-4C98-966D-D4EE17980206}.Ad-Hoc|iPhone.Build.0 = Release|Any CPU
		{C018C1AA-7734-4C98-966D-D4EE17980206}.Ad-Hoc|iPhone.Deploy.0 = Release|Any CPU
		{C018C1AA-7734-4C98-966D-D4EE17980206}.Ad-Hoc|iPhoneSimulator.ActiveCfg = Release|Any CPU
		{C018C1AA-7734-4C98-966D-D4EE17980206}.Ad-Hoc|iPhoneSimulator.Build.0 = Release|Any CPU
		{C018C1AA-7734-4C98-966D-D4EE17980206}.Ad-Hoc|iPhoneSimulator.Deploy.0 = Release|Any CPU
		{C018C1AA-7734-4C98-966D-D4EE17980206}.Ad-Hoc|x64.ActiveCfg = Release|Any CPU
		{C018C1AA-7734-4C98-966D-D4EE17980206}.Ad-Hoc|x64.Build.0 = Release|Any CPU
		{C018C1AA-7734-4C98-966D-D4EE17980206}.Ad-Hoc|x64.Deploy.0 = Release|Any CPU
		{C018C1AA-7734-4C98-966D-D4EE17980206}.Ad-Hoc|x86.ActiveCfg = Release|Any CPU
		{C018C1AA-7734-4C98-966D-D4EE17980206}.Ad-Hoc|x86.Build.0 = Release|Any CPU
		{C018C1AA-7734-4C98-966D-D4EE17980206}.Ad-Hoc|x86.Deploy.0 = Release|Any CPU
		{C018C1AA-7734-4C98-966D-D4EE17980206}.AppStore|Any CPU.ActiveCfg = Release|Any CPU
		{C018C1AA-7734-4C98-966D-D4EE17980206}.AppStore|Any CPU.Build.0 = Release|Any CPU
		{C018C1AA-7734-4C98-966D-D4EE17980206}.AppStore|Any CPU.Deploy.0 = Release|Any CPU
		{C018C1AA-7734-4C98-966D-D4EE17980206}.AppStore|ARM.ActiveCfg = Release|Any CPU
		{C018C1AA-7734-4C98-966D-D4EE17980206}.AppStore|ARM.Build.0 = Release|Any CPU
		{C018C1AA-7734-4C98-966D-D4EE17980206}.AppStore|ARM.Deploy.0 = Release|Any CPU
		{C018C1AA-7734-4C98-966D-D4EE17980206}.AppStore|iPhone.ActiveCfg = Release|Any CPU
		{C018C1AA-7734-4C98-966D-D4EE17980206}.AppStore|iPhone.Build.0 = Release|Any CPU
		{C018C1AA-7734-4C98-966D-D4EE17980206}.AppStore|iPhone.Deploy.0 = Release|Any CPU
		{C018C1AA-7734-4C98-966D-D4EE17980206}.AppStore|iPhoneSimulator.ActiveCfg = Release|Any CPU
		{C018C1AA-7734-4C98-966D-D4EE17980206}.AppStore|iPhoneSimulator.Build.0 = Release|Any CPU
		{C018C1AA-7734-4C98-966D-D4EE17980206}.AppStore|iPhoneSimulator.Deploy.0 = Release|Any CPU
		{C018C1AA-7734-4C98-966D-D4EE17980206}.AppStore|x64.ActiveCfg = Release|Any CPU
		{C018C1AA-7734-4C98-966D-D4EE17980206}.AppStore|x64.Build.0 = Release|Any CPU
		{C018C1AA-7734-4C98-966D-D4EE17980206}.AppStore|x64.Deploy.0 = Release|Any CPU
		{C018C1AA-7734-4C98-966D-D4EE17980206}.AppStore|x86.ActiveCfg = Release|Any CPU
		{C018C1AA-7734-4C98-966D-D4EE17980206}.AppStore|x86.Build.0 = Release|Any CPU
		{C018C1AA-7734-4C98-966D-D4EE17980206}.AppStore|x86.Deploy.0 = Release|Any CPU
		{C018C1AA-7734-4C98-966D-D4EE17980206}.Debug|Any CPU.ActiveCfg = Debug|Any CPU
		{C018C1AA-7734-4C98-966D-D4EE17980206}.Debug|Any CPU.Build.0 = Debug|Any CPU
		{C018C1AA-7734-4C98-966D-D4EE17980206}.Debug|Any CPU.Deploy.0 = Debug|Any CPU
		{C018C1AA-7734-4C98-966D-D4EE17980206}.Debug|ARM.ActiveCfg = Debug|Any CPU
		{C018C1AA-7734-4C98-966D-D4EE17980206}.Debug|ARM.Build.0 = Debug|Any CPU
		{C018C1AA-7734-4C98-966D-D4EE17980206}.Debug|ARM.Deploy.0 = Debug|Any CPU
		{C018C1AA-7734-4C98-966D-D4EE17980206}.Debug|iPhone.ActiveCfg = Debug|Any CPU
		{C018C1AA-7734-4C98-966D-D4EE17980206}.Debug|iPhone.Build.0 = Debug|Any CPU
		{C018C1AA-7734-4C98-966D-D4EE17980206}.Debug|iPhone.Deploy.0 = Debug|Any CPU
		{C018C1AA-7734-4C98-966D-D4EE17980206}.Debug|iPhoneSimulator.ActiveCfg = Debug|Any CPU
		{C018C1AA-7734-4C98-966D-D4EE17980206}.Debug|iPhoneSimulator.Build.0 = Debug|Any CPU
		{C018C1AA-7734-4C98-966D-D4EE17980206}.Debug|iPhoneSimulator.Deploy.0 = Debug|Any CPU
		{C018C1AA-7734-4C98-966D-D4EE17980206}.Debug|x64.ActiveCfg = Debug|Any CPU
		{C018C1AA-7734-4C98-966D-D4EE17980206}.Debug|x64.Build.0 = Debug|Any CPU
		{C018C1AA-7734-4C98-966D-D4EE17980206}.Debug|x64.Deploy.0 = Debug|Any CPU
		{C018C1AA-7734-4C98-966D-D4EE17980206}.Debug|x86.ActiveCfg = Debug|Any CPU
		{C018C1AA-7734-4C98-966D-D4EE17980206}.Debug|x86.Build.0 = Debug|Any CPU
		{C018C1AA-7734-4C98-966D-D4EE17980206}.Debug|x86.Deploy.0 = Debug|Any CPU
		{C018C1AA-7734-4C98-966D-D4EE17980206}.Release|Any CPU.ActiveCfg = Release|Any CPU
		{C018C1AA-7734-4C98-966D-D4EE17980206}.Release|Any CPU.Build.0 = Release|Any CPU
		{C018C1AA-7734-4C98-966D-D4EE17980206}.Release|Any CPU.Deploy.0 = Release|Any CPU
		{C018C1AA-7734-4C98-966D-D4EE17980206}.Release|ARM.ActiveCfg = Release|Any CPU
		{C018C1AA-7734-4C98-966D-D4EE17980206}.Release|ARM.Build.0 = Release|Any CPU
		{C018C1AA-7734-4C98-966D-D4EE17980206}.Release|ARM.Deploy.0 = Release|Any CPU
		{C018C1AA-7734-4C98-966D-D4EE17980206}.Release|iPhone.ActiveCfg = Release|Any CPU
		{C018C1AA-7734-4C98-966D-D4EE17980206}.Release|iPhone.Build.0 = Release|Any CPU
		{C018C1AA-7734-4C98-966D-D4EE17980206}.Release|iPhone.Deploy.0 = Release|Any CPU
		{C018C1AA-7734-4C98-966D-D4EE17980206}.Release|iPhoneSimulator.ActiveCfg = Release|Any CPU
		{C018C1AA-7734-4C98-966D-D4EE17980206}.Release|iPhoneSimulator.Build.0 = Release|Any CPU
		{C018C1AA-7734-4C98-966D-D4EE17980206}.Release|iPhoneSimulator.Deploy.0 = Release|Any CPU
		{C018C1AA-7734-4C98-966D-D4EE17980206}.Release|x64.ActiveCfg = Release|Any CPU
		{C018C1AA-7734-4C98-966D-D4EE17980206}.Release|x64.Build.0 = Release|Any CPU
		{C018C1AA-7734-4C98-966D-D4EE17980206}.Release|x64.Deploy.0 = Release|Any CPU
		{C018C1AA-7734-4C98-966D-D4EE17980206}.Release|x86.ActiveCfg = Release|Any CPU
		{C018C1AA-7734-4C98-966D-D4EE17980206}.Release|x86.Build.0 = Release|Any CPU
		{C018C1AA-7734-4C98-966D-D4EE17980206}.Release|x86.Deploy.0 = Release|Any CPU
		{FE9E9FFF-C6DC-470B-9E4B-F212DC6D1054}.Ad-Hoc|Any CPU.ActiveCfg = Ad-Hoc|iPhone
		{FE9E9FFF-C6DC-470B-9E4B-F212DC6D1054}.Ad-Hoc|ARM.ActiveCfg = Ad-Hoc|iPhone
		{FE9E9FFF-C6DC-470B-9E4B-F212DC6D1054}.Ad-Hoc|iPhone.ActiveCfg = Ad-Hoc|iPhone
		{FE9E9FFF-C6DC-470B-9E4B-F212DC6D1054}.Ad-Hoc|iPhone.Build.0 = Ad-Hoc|iPhone
		{FE9E9FFF-C6DC-470B-9E4B-F212DC6D1054}.Ad-Hoc|iPhoneSimulator.ActiveCfg = Ad-Hoc|iPhoneSimulator
		{FE9E9FFF-C6DC-470B-9E4B-F212DC6D1054}.Ad-Hoc|iPhoneSimulator.Build.0 = Ad-Hoc|iPhoneSimulator
		{FE9E9FFF-C6DC-470B-9E4B-F212DC6D1054}.Ad-Hoc|x64.ActiveCfg = Ad-Hoc|iPhone
		{FE9E9FFF-C6DC-470B-9E4B-F212DC6D1054}.Ad-Hoc|x86.ActiveCfg = Ad-Hoc|iPhone
		{FE9E9FFF-C6DC-470B-9E4B-F212DC6D1054}.AppStore|Any CPU.ActiveCfg = AppStore|iPhone
		{FE9E9FFF-C6DC-470B-9E4B-F212DC6D1054}.AppStore|ARM.ActiveCfg = AppStore|iPhone
		{FE9E9FFF-C6DC-470B-9E4B-F212DC6D1054}.AppStore|iPhone.ActiveCfg = AppStore|iPhone
		{FE9E9FFF-C6DC-470B-9E4B-F212DC6D1054}.AppStore|iPhone.Build.0 = AppStore|iPhone
		{FE9E9FFF-C6DC-470B-9E4B-F212DC6D1054}.AppStore|iPhoneSimulator.ActiveCfg = AppStore|iPhoneSimulator
		{FE9E9FFF-C6DC-470B-9E4B-F212DC6D1054}.AppStore|iPhoneSimulator.Build.0 = AppStore|iPhoneSimulator
		{FE9E9FFF-C6DC-470B-9E4B-F212DC6D1054}.AppStore|x64.ActiveCfg = AppStore|iPhone
		{FE9E9FFF-C6DC-470B-9E4B-F212DC6D1054}.AppStore|x86.ActiveCfg = AppStore|iPhone
		{FE9E9FFF-C6DC-470B-9E4B-F212DC6D1054}.Debug|Any CPU.ActiveCfg = Debug|iPhone
		{FE9E9FFF-C6DC-470B-9E4B-F212DC6D1054}.Debug|Any CPU.Build.0 = Debug|iPhone
		{FE9E9FFF-C6DC-470B-9E4B-F212DC6D1054}.Debug|ARM.ActiveCfg = Debug|iPhone
		{FE9E9FFF-C6DC-470B-9E4B-F212DC6D1054}.Debug|iPhone.ActiveCfg = Debug|iPhone
		{FE9E9FFF-C6DC-470B-9E4B-F212DC6D1054}.Debug|iPhone.Build.0 = Debug|iPhone
		{FE9E9FFF-C6DC-470B-9E4B-F212DC6D1054}.Debug|iPhoneSimulator.ActiveCfg = Debug|iPhoneSimulator
		{FE9E9FFF-C6DC-470B-9E4B-F212DC6D1054}.Debug|iPhoneSimulator.Build.0 = Debug|iPhoneSimulator
		{FE9E9FFF-C6DC-470B-9E4B-F212DC6D1054}.Debug|x64.ActiveCfg = Debug|iPhone
		{FE9E9FFF-C6DC-470B-9E4B-F212DC6D1054}.Debug|x86.ActiveCfg = Debug|iPhone
		{FE9E9FFF-C6DC-470B-9E4B-F212DC6D1054}.Release|Any CPU.ActiveCfg = Release|iPhone
		{FE9E9FFF-C6DC-470B-9E4B-F212DC6D1054}.Release|Any CPU.Build.0 = Release|iPhone
		{FE9E9FFF-C6DC-470B-9E4B-F212DC6D1054}.Release|ARM.ActiveCfg = Release|iPhone
		{FE9E9FFF-C6DC-470B-9E4B-F212DC6D1054}.Release|iPhone.ActiveCfg = Release|iPhone
		{FE9E9FFF-C6DC-470B-9E4B-F212DC6D1054}.Release|iPhone.Build.0 = Release|iPhone
		{FE9E9FFF-C6DC-470B-9E4B-F212DC6D1054}.Release|iPhoneSimulator.ActiveCfg = Release|iPhoneSimulator
		{FE9E9FFF-C6DC-470B-9E4B-F212DC6D1054}.Release|iPhoneSimulator.Build.0 = Release|iPhoneSimulator
		{FE9E9FFF-C6DC-470B-9E4B-F212DC6D1054}.Release|x64.ActiveCfg = Release|iPhone
		{FE9E9FFF-C6DC-470B-9E4B-F212DC6D1054}.Release|x86.ActiveCfg = Release|iPhone
		{51E26000-CFBE-4BFF-908C-1F4EFD536BA4}.Ad-Hoc|Any CPU.ActiveCfg = Release|Any CPU
		{51E26000-CFBE-4BFF-908C-1F4EFD536BA4}.Ad-Hoc|Any CPU.Build.0 = Release|Any CPU
		{51E26000-CFBE-4BFF-908C-1F4EFD536BA4}.Ad-Hoc|ARM.ActiveCfg = Release|Any CPU
		{51E26000-CFBE-4BFF-908C-1F4EFD536BA4}.Ad-Hoc|ARM.Build.0 = Release|Any CPU
		{51E26000-CFBE-4BFF-908C-1F4EFD536BA4}.Ad-Hoc|iPhone.ActiveCfg = Release|Any CPU
		{51E26000-CFBE-4BFF-908C-1F4EFD536BA4}.Ad-Hoc|iPhone.Build.0 = Release|Any CPU
		{51E26000-CFBE-4BFF-908C-1F4EFD536BA4}.Ad-Hoc|iPhoneSimulator.ActiveCfg = Release|Any CPU
		{51E26000-CFBE-4BFF-908C-1F4EFD536BA4}.Ad-Hoc|iPhoneSimulator.Build.0 = Release|Any CPU
		{51E26000-CFBE-4BFF-908C-1F4EFD536BA4}.Ad-Hoc|x64.ActiveCfg = Release|Any CPU
		{51E26000-CFBE-4BFF-908C-1F4EFD536BA4}.Ad-Hoc|x64.Build.0 = Release|Any CPU
		{51E26000-CFBE-4BFF-908C-1F4EFD536BA4}.Ad-Hoc|x86.ActiveCfg = Release|Any CPU
		{51E26000-CFBE-4BFF-908C-1F4EFD536BA4}.Ad-Hoc|x86.Build.0 = Release|Any CPU
		{51E26000-CFBE-4BFF-908C-1F4EFD536BA4}.AppStore|Any CPU.ActiveCfg = Release|Any CPU
		{51E26000-CFBE-4BFF-908C-1F4EFD536BA4}.AppStore|Any CPU.Build.0 = Release|Any CPU
		{51E26000-CFBE-4BFF-908C-1F4EFD536BA4}.AppStore|ARM.ActiveCfg = Release|Any CPU
		{51E26000-CFBE-4BFF-908C-1F4EFD536BA4}.AppStore|ARM.Build.0 = Release|Any CPU
		{51E26000-CFBE-4BFF-908C-1F4EFD536BA4}.AppStore|iPhone.ActiveCfg = Release|Any CPU
		{51E26000-CFBE-4BFF-908C-1F4EFD536BA4}.AppStore|iPhone.Build.0 = Release|Any CPU
		{51E26000-CFBE-4BFF-908C-1F4EFD536BA4}.AppStore|iPhoneSimulator.ActiveCfg = Release|Any CPU
		{51E26000-CFBE-4BFF-908C-1F4EFD536BA4}.AppStore|iPhoneSimulator.Build.0 = Release|Any CPU
		{51E26000-CFBE-4BFF-908C-1F4EFD536BA4}.AppStore|x64.ActiveCfg = Release|Any CPU
		{51E26000-CFBE-4BFF-908C-1F4EFD536BA4}.AppStore|x64.Build.0 = Release|Any CPU
		{51E26000-CFBE-4BFF-908C-1F4EFD536BA4}.AppStore|x86.ActiveCfg = Release|Any CPU
		{51E26000-CFBE-4BFF-908C-1F4EFD536BA4}.AppStore|x86.Build.0 = Release|Any CPU
		{51E26000-CFBE-4BFF-908C-1F4EFD536BA4}.Debug|Any CPU.ActiveCfg = Debug|Any CPU
		{51E26000-CFBE-4BFF-908C-1F4EFD536BA4}.Debug|Any CPU.Build.0 = Debug|Any CPU
		{51E26000-CFBE-4BFF-908C-1F4EFD536BA4}.Debug|ARM.ActiveCfg = Debug|Any CPU
		{51E26000-CFBE-4BFF-908C-1F4EFD536BA4}.Debug|ARM.Build.0 = Debug|Any CPU
		{51E26000-CFBE-4BFF-908C-1F4EFD536BA4}.Debug|iPhone.ActiveCfg = Debug|Any CPU
		{51E26000-CFBE-4BFF-908C-1F4EFD536BA4}.Debug|iPhone.Build.0 = Debug|Any CPU
		{51E26000-CFBE-4BFF-908C-1F4EFD536BA4}.Debug|iPhoneSimulator.ActiveCfg = Debug|Any CPU
		{51E26000-CFBE-4BFF-908C-1F4EFD536BA4}.Debug|iPhoneSimulator.Build.0 = Debug|Any CPU
		{51E26000-CFBE-4BFF-908C-1F4EFD536BA4}.Debug|x64.ActiveCfg = Debug|Any CPU
		{51E26000-CFBE-4BFF-908C-1F4EFD536BA4}.Debug|x64.Build.0 = Debug|Any CPU
		{51E26000-CFBE-4BFF-908C-1F4EFD536BA4}.Debug|x86.ActiveCfg = Debug|Any CPU
		{51E26000-CFBE-4BFF-908C-1F4EFD536BA4}.Debug|x86.Build.0 = Debug|Any CPU
		{51E26000-CFBE-4BFF-908C-1F4EFD536BA4}.Release|Any CPU.ActiveCfg = Release|Any CPU
		{51E26000-CFBE-4BFF-908C-1F4EFD536BA4}.Release|Any CPU.Build.0 = Release|Any CPU
		{51E26000-CFBE-4BFF-908C-1F4EFD536BA4}.Release|ARM.ActiveCfg = Release|Any CPU
		{51E26000-CFBE-4BFF-908C-1F4EFD536BA4}.Release|ARM.Build.0 = Release|Any CPU
		{51E26000-CFBE-4BFF-908C-1F4EFD536BA4}.Release|iPhone.ActiveCfg = Release|Any CPU
		{51E26000-CFBE-4BFF-908C-1F4EFD536BA4}.Release|iPhone.Build.0 = Release|Any CPU
		{51E26000-CFBE-4BFF-908C-1F4EFD536BA4}.Release|iPhoneSimulator.ActiveCfg = Release|Any CPU
		{51E26000-CFBE-4BFF-908C-1F4EFD536BA4}.Release|iPhoneSimulator.Build.0 = Release|Any CPU
		{51E26000-CFBE-4BFF-908C-1F4EFD536BA4}.Release|x64.ActiveCfg = Release|Any CPU
		{51E26000-CFBE-4BFF-908C-1F4EFD536BA4}.Release|x64.Build.0 = Release|Any CPU
		{51E26000-CFBE-4BFF-908C-1F4EFD536BA4}.Release|x86.ActiveCfg = Release|Any CPU
		{51E26000-CFBE-4BFF-908C-1F4EFD536BA4}.Release|x86.Build.0 = Release|Any CPU
		{583E6F06-7A39-4A63-BA8E-8D267000D6A7}.Ad-Hoc|Any CPU.ActiveCfg = Release|x86
		{583E6F06-7A39-4A63-BA8E-8D267000D6A7}.Ad-Hoc|Any CPU.Build.0 = Release|x86
		{583E6F06-7A39-4A63-BA8E-8D267000D6A7}.Ad-Hoc|Any CPU.Deploy.0 = Release|x86
		{583E6F06-7A39-4A63-BA8E-8D267000D6A7}.Ad-Hoc|ARM.ActiveCfg = Release|ARM
		{583E6F06-7A39-4A63-BA8E-8D267000D6A7}.Ad-Hoc|ARM.Build.0 = Release|ARM
		{583E6F06-7A39-4A63-BA8E-8D267000D6A7}.Ad-Hoc|ARM.Deploy.0 = Release|ARM
		{583E6F06-7A39-4A63-BA8E-8D267000D6A7}.Ad-Hoc|iPhone.ActiveCfg = Release|x86
		{583E6F06-7A39-4A63-BA8E-8D267000D6A7}.Ad-Hoc|iPhone.Build.0 = Release|x86
		{583E6F06-7A39-4A63-BA8E-8D267000D6A7}.Ad-Hoc|iPhone.Deploy.0 = Release|x86
		{583E6F06-7A39-4A63-BA8E-8D267000D6A7}.Ad-Hoc|iPhoneSimulator.ActiveCfg = Release|x86
		{583E6F06-7A39-4A63-BA8E-8D267000D6A7}.Ad-Hoc|iPhoneSimulator.Build.0 = Release|x86
		{583E6F06-7A39-4A63-BA8E-8D267000D6A7}.Ad-Hoc|iPhoneSimulator.Deploy.0 = Release|x86
		{583E6F06-7A39-4A63-BA8E-8D267000D6A7}.Ad-Hoc|x64.ActiveCfg = Release|x64
		{583E6F06-7A39-4A63-BA8E-8D267000D6A7}.Ad-Hoc|x64.Build.0 = Release|x64
		{583E6F06-7A39-4A63-BA8E-8D267000D6A7}.Ad-Hoc|x64.Deploy.0 = Release|x64
		{583E6F06-7A39-4A63-BA8E-8D267000D6A7}.Ad-Hoc|x86.ActiveCfg = Release|x86
		{583E6F06-7A39-4A63-BA8E-8D267000D6A7}.Ad-Hoc|x86.Build.0 = Release|x86
		{583E6F06-7A39-4A63-BA8E-8D267000D6A7}.Ad-Hoc|x86.Deploy.0 = Release|x86
		{583E6F06-7A39-4A63-BA8E-8D267000D6A7}.AppStore|Any CPU.ActiveCfg = Release|x86
		{583E6F06-7A39-4A63-BA8E-8D267000D6A7}.AppStore|Any CPU.Build.0 = Release|x86
		{583E6F06-7A39-4A63-BA8E-8D267000D6A7}.AppStore|Any CPU.Deploy.0 = Release|x86
		{583E6F06-7A39-4A63-BA8E-8D267000D6A7}.AppStore|ARM.ActiveCfg = Release|ARM
		{583E6F06-7A39-4A63-BA8E-8D267000D6A7}.AppStore|ARM.Build.0 = Release|ARM
		{583E6F06-7A39-4A63-BA8E-8D267000D6A7}.AppStore|ARM.Deploy.0 = Release|ARM
		{583E6F06-7A39-4A63-BA8E-8D267000D6A7}.AppStore|iPhone.ActiveCfg = Release|x86
		{583E6F06-7A39-4A63-BA8E-8D267000D6A7}.AppStore|iPhone.Build.0 = Release|x86
		{583E6F06-7A39-4A63-BA8E-8D267000D6A7}.AppStore|iPhone.Deploy.0 = Release|x86
		{583E6F06-7A39-4A63-BA8E-8D267000D6A7}.AppStore|iPhoneSimulator.ActiveCfg = Release|x86
		{583E6F06-7A39-4A63-BA8E-8D267000D6A7}.AppStore|iPhoneSimulator.Build.0 = Release|x86
		{583E6F06-7A39-4A63-BA8E-8D267000D6A7}.AppStore|iPhoneSimulator.Deploy.0 = Release|x86
		{583E6F06-7A39-4A63-BA8E-8D267000D6A7}.AppStore|x64.ActiveCfg = Release|x64
		{583E6F06-7A39-4A63-BA8E-8D267000D6A7}.AppStore|x64.Build.0 = Release|x64
		{583E6F06-7A39-4A63-BA8E-8D267000D6A7}.AppStore|x64.Deploy.0 = Release|x64
		{583E6F06-7A39-4A63-BA8E-8D267000D6A7}.AppStore|x86.ActiveCfg = Release|x86
		{583E6F06-7A39-4A63-BA8E-8D267000D6A7}.AppStore|x86.Build.0 = Release|x86
		{583E6F06-7A39-4A63-BA8E-8D267000D6A7}.AppStore|x86.Deploy.0 = Release|x86
		{583E6F06-7A39-4A63-BA8E-8D267000D6A7}.Debug|Any CPU.ActiveCfg = Debug|x86
		{583E6F06-7A39-4A63-BA8E-8D267000D6A7}.Debug|Any CPU.Build.0 = Debug|x86
		{583E6F06-7A39-4A63-BA8E-8D267000D6A7}.Debug|Any CPU.Deploy.0 = Debug|x86
		{583E6F06-7A39-4A63-BA8E-8D267000D6A7}.Debug|ARM.ActiveCfg = Debug|ARM
		{583E6F06-7A39-4A63-BA8E-8D267000D6A7}.Debug|ARM.Build.0 = Debug|ARM
		{583E6F06-7A39-4A63-BA8E-8D267000D6A7}.Debug|ARM.Deploy.0 = Debug|ARM
		{583E6F06-7A39-4A63-BA8E-8D267000D6A7}.Debug|iPhone.ActiveCfg = Debug|x86
		{583E6F06-7A39-4A63-BA8E-8D267000D6A7}.Debug|iPhoneSimulator.ActiveCfg = Debug|x86
		{583E6F06-7A39-4A63-BA8E-8D267000D6A7}.Debug|x64.ActiveCfg = Debug|x64
		{583E6F06-7A39-4A63-BA8E-8D267000D6A7}.Debug|x64.Build.0 = Debug|x64
		{583E6F06-7A39-4A63-BA8E-8D267000D6A7}.Debug|x64.Deploy.0 = Debug|x64
		{583E6F06-7A39-4A63-BA8E-8D267000D6A7}.Debug|x86.ActiveCfg = Debug|x86
		{583E6F06-7A39-4A63-BA8E-8D267000D6A7}.Debug|x86.Build.0 = Debug|x86
		{583E6F06-7A39-4A63-BA8E-8D267000D6A7}.Debug|x86.Deploy.0 = Debug|x86
		{583E6F06-7A39-4A63-BA8E-8D267000D6A7}.Release|Any CPU.ActiveCfg = Release|x86
		{583E6F06-7A39-4A63-BA8E-8D267000D6A7}.Release|Any CPU.Build.0 = Release|x86
		{583E6F06-7A39-4A63-BA8E-8D267000D6A7}.Release|Any CPU.Deploy.0 = Release|x86
		{583E6F06-7A39-4A63-BA8E-8D267000D6A7}.Release|ARM.ActiveCfg = Release|ARM
		{583E6F06-7A39-4A63-BA8E-8D267000D6A7}.Release|ARM.Build.0 = Release|ARM
		{583E6F06-7A39-4A63-BA8E-8D267000D6A7}.Release|ARM.Deploy.0 = Release|ARM
		{583E6F06-7A39-4A63-BA8E-8D267000D6A7}.Release|iPhone.ActiveCfg = Release|x86
		{583E6F06-7A39-4A63-BA8E-8D267000D6A7}.Release|iPhoneSimulator.ActiveCfg = Release|x86
		{583E6F06-7A39-4A63-BA8E-8D267000D6A7}.Release|x64.ActiveCfg = Release|x64
		{583E6F06-7A39-4A63-BA8E-8D267000D6A7}.Release|x64.Build.0 = Release|x64
		{583E6F06-7A39-4A63-BA8E-8D267000D6A7}.Release|x64.Deploy.0 = Release|x64
		{583E6F06-7A39-4A63-BA8E-8D267000D6A7}.Release|x86.ActiveCfg = Release|x86
		{583E6F06-7A39-4A63-BA8E-8D267000D6A7}.Release|x86.Build.0 = Release|x86
		{583E6F06-7A39-4A63-BA8E-8D267000D6A7}.Release|x86.Deploy.0 = Release|x86
		{EB4D4F48-45CE-4926-9D9B-1B80235BF7EA}.Ad-Hoc|Any CPU.ActiveCfg = Release|Any CPU
		{EB4D4F48-45CE-4926-9D9B-1B80235BF7EA}.Ad-Hoc|Any CPU.Build.0 = Release|Any CPU
		{EB4D4F48-45CE-4926-9D9B-1B80235BF7EA}.Ad-Hoc|Any CPU.Deploy.0 = Release|Any CPU
		{EB4D4F48-45CE-4926-9D9B-1B80235BF7EA}.Ad-Hoc|ARM.ActiveCfg = Release|ARM
		{EB4D4F48-45CE-4926-9D9B-1B80235BF7EA}.Ad-Hoc|ARM.Build.0 = Release|ARM
		{EB4D4F48-45CE-4926-9D9B-1B80235BF7EA}.Ad-Hoc|ARM.Deploy.0 = Release|ARM
		{EB4D4F48-45CE-4926-9D9B-1B80235BF7EA}.Ad-Hoc|iPhone.ActiveCfg = Release|Any CPU
		{EB4D4F48-45CE-4926-9D9B-1B80235BF7EA}.Ad-Hoc|iPhone.Build.0 = Release|Any CPU
		{EB4D4F48-45CE-4926-9D9B-1B80235BF7EA}.Ad-Hoc|iPhone.Deploy.0 = Release|Any CPU
		{EB4D4F48-45CE-4926-9D9B-1B80235BF7EA}.Ad-Hoc|iPhoneSimulator.ActiveCfg = Release|Any CPU
		{EB4D4F48-45CE-4926-9D9B-1B80235BF7EA}.Ad-Hoc|iPhoneSimulator.Build.0 = Release|Any CPU
		{EB4D4F48-45CE-4926-9D9B-1B80235BF7EA}.Ad-Hoc|iPhoneSimulator.Deploy.0 = Release|Any CPU
		{EB4D4F48-45CE-4926-9D9B-1B80235BF7EA}.Ad-Hoc|x64.ActiveCfg = Release|x64
		{EB4D4F48-45CE-4926-9D9B-1B80235BF7EA}.Ad-Hoc|x64.Build.0 = Release|x64
		{EB4D4F48-45CE-4926-9D9B-1B80235BF7EA}.Ad-Hoc|x64.Deploy.0 = Release|x64
		{EB4D4F48-45CE-4926-9D9B-1B80235BF7EA}.Ad-Hoc|x86.ActiveCfg = Release|x86
		{EB4D4F48-45CE-4926-9D9B-1B80235BF7EA}.Ad-Hoc|x86.Build.0 = Release|x86
		{EB4D4F48-45CE-4926-9D9B-1B80235BF7EA}.Ad-Hoc|x86.Deploy.0 = Release|x86
		{EB4D4F48-45CE-4926-9D9B-1B80235BF7EA}.AppStore|Any CPU.ActiveCfg = Release|Any CPU
		{EB4D4F48-45CE-4926-9D9B-1B80235BF7EA}.AppStore|Any CPU.Build.0 = Release|Any CPU
		{EB4D4F48-45CE-4926-9D9B-1B80235BF7EA}.AppStore|Any CPU.Deploy.0 = Release|Any CPU
		{EB4D4F48-45CE-4926-9D9B-1B80235BF7EA}.AppStore|ARM.ActiveCfg = Release|ARM
		{EB4D4F48-45CE-4926-9D9B-1B80235BF7EA}.AppStore|ARM.Build.0 = Release|ARM
		{EB4D4F48-45CE-4926-9D9B-1B80235BF7EA}.AppStore|ARM.Deploy.0 = Release|ARM
		{EB4D4F48-45CE-4926-9D9B-1B80235BF7EA}.AppStore|iPhone.ActiveCfg = Release|Any CPU
		{EB4D4F48-45CE-4926-9D9B-1B80235BF7EA}.AppStore|iPhone.Build.0 = Release|Any CPU
		{EB4D4F48-45CE-4926-9D9B-1B80235BF7EA}.AppStore|iPhone.Deploy.0 = Release|Any CPU
		{EB4D4F48-45CE-4926-9D9B-1B80235BF7EA}.AppStore|iPhoneSimulator.ActiveCfg = Release|Any CPU
		{EB4D4F48-45CE-4926-9D9B-1B80235BF7EA}.AppStore|iPhoneSimulator.Build.0 = Release|Any CPU
		{EB4D4F48-45CE-4926-9D9B-1B80235BF7EA}.AppStore|iPhoneSimulator.Deploy.0 = Release|Any CPU
		{EB4D4F48-45CE-4926-9D9B-1B80235BF7EA}.AppStore|x64.ActiveCfg = Release|x64
		{EB4D4F48-45CE-4926-9D9B-1B80235BF7EA}.AppStore|x64.Build.0 = Release|x64
		{EB4D4F48-45CE-4926-9D9B-1B80235BF7EA}.AppStore|x64.Deploy.0 = Release|x64
		{EB4D4F48-45CE-4926-9D9B-1B80235BF7EA}.AppStore|x86.ActiveCfg = Release|x86
		{EB4D4F48-45CE-4926-9D9B-1B80235BF7EA}.AppStore|x86.Build.0 = Release|x86
		{EB4D4F48-45CE-4926-9D9B-1B80235BF7EA}.AppStore|x86.Deploy.0 = Release|x86
		{EB4D4F48-45CE-4926-9D9B-1B80235BF7EA}.Debug|Any CPU.ActiveCfg = Debug|Any CPU
		{EB4D4F48-45CE-4926-9D9B-1B80235BF7EA}.Debug|Any CPU.Build.0 = Debug|Any CPU
		{EB4D4F48-45CE-4926-9D9B-1B80235BF7EA}.Debug|Any CPU.Deploy.0 = Debug|Any CPU
		{EB4D4F48-45CE-4926-9D9B-1B80235BF7EA}.Debug|ARM.ActiveCfg = Debug|ARM
		{EB4D4F48-45CE-4926-9D9B-1B80235BF7EA}.Debug|ARM.Build.0 = Debug|ARM
		{EB4D4F48-45CE-4926-9D9B-1B80235BF7EA}.Debug|ARM.Deploy.0 = Debug|ARM
		{EB4D4F48-45CE-4926-9D9B-1B80235BF7EA}.Debug|iPhone.ActiveCfg = Debug|Any CPU
		{EB4D4F48-45CE-4926-9D9B-1B80235BF7EA}.Debug|iPhone.Build.0 = Debug|Any CPU
		{EB4D4F48-45CE-4926-9D9B-1B80235BF7EA}.Debug|iPhone.Deploy.0 = Debug|Any CPU
		{EB4D4F48-45CE-4926-9D9B-1B80235BF7EA}.Debug|iPhoneSimulator.ActiveCfg = Debug|Any CPU
		{EB4D4F48-45CE-4926-9D9B-1B80235BF7EA}.Debug|iPhoneSimulator.Build.0 = Debug|Any CPU
		{EB4D4F48-45CE-4926-9D9B-1B80235BF7EA}.Debug|iPhoneSimulator.Deploy.0 = Debug|Any CPU
		{EB4D4F48-45CE-4926-9D9B-1B80235BF7EA}.Debug|x64.ActiveCfg = Debug|x64
		{EB4D4F48-45CE-4926-9D9B-1B80235BF7EA}.Debug|x64.Build.0 = Debug|x64
		{EB4D4F48-45CE-4926-9D9B-1B80235BF7EA}.Debug|x64.Deploy.0 = Debug|x64
		{EB4D4F48-45CE-4926-9D9B-1B80235BF7EA}.Debug|x86.ActiveCfg = Debug|x86
		{EB4D4F48-45CE-4926-9D9B-1B80235BF7EA}.Debug|x86.Build.0 = Debug|x86
		{EB4D4F48-45CE-4926-9D9B-1B80235BF7EA}.Debug|x86.Deploy.0 = Debug|x86
		{EB4D4F48-45CE-4926-9D9B-1B80235BF7EA}.Release|Any CPU.ActiveCfg = Release|Any CPU
		{EB4D4F48-45CE-4926-9D9B-1B80235BF7EA}.Release|Any CPU.Build.0 = Release|Any CPU
		{EB4D4F48-45CE-4926-9D9B-1B80235BF7EA}.Release|Any CPU.Deploy.0 = Release|Any CPU
		{EB4D4F48-45CE-4926-9D9B-1B80235BF7EA}.Release|ARM.ActiveCfg = Release|ARM
		{EB4D4F48-45CE-4926-9D9B-1B80235BF7EA}.Release|ARM.Build.0 = Release|ARM
		{EB4D4F48-45CE-4926-9D9B-1B80235BF7EA}.Release|ARM.Deploy.0 = Release|ARM
		{EB4D4F48-45CE-4926-9D9B-1B80235BF7EA}.Release|iPhone.ActiveCfg = Release|Any CPU
		{EB4D4F48-45CE-4926-9D9B-1B80235BF7EA}.Release|iPhone.Build.0 = Release|Any CPU
		{EB4D4F48-45CE-4926-9D9B-1B80235BF7EA}.Release|iPhone.Deploy.0 = Release|Any CPU
		{EB4D4F48-45CE-4926-9D9B-1B80235BF7EA}.Release|iPhoneSimulator.ActiveCfg = Release|Any CPU
		{EB4D4F48-45CE-4926-9D9B-1B80235BF7EA}.Release|iPhoneSimulator.Build.0 = Release|Any CPU
		{EB4D4F48-45CE-4926-9D9B-1B80235BF7EA}.Release|iPhoneSimulator.Deploy.0 = Release|Any CPU
		{EB4D4F48-45CE-4926-9D9B-1B80235BF7EA}.Release|x64.ActiveCfg = Release|x64
		{EB4D4F48-45CE-4926-9D9B-1B80235BF7EA}.Release|x64.Build.0 = Release|x64
		{EB4D4F48-45CE-4926-9D9B-1B80235BF7EA}.Release|x64.Deploy.0 = Release|x64
		{EB4D4F48-45CE-4926-9D9B-1B80235BF7EA}.Release|x86.ActiveCfg = Release|x86
		{EB4D4F48-45CE-4926-9D9B-1B80235BF7EA}.Release|x86.Build.0 = Release|x86
		{EB4D4F48-45CE-4926-9D9B-1B80235BF7EA}.Release|x86.Deploy.0 = Release|x86
		{197A9406-288E-498D-BD73-2D993A6B7137}.Ad-Hoc|Any CPU.ActiveCfg = Release|Any CPU
		{197A9406-288E-498D-BD73-2D993A6B7137}.Ad-Hoc|Any CPU.Build.0 = Release|Any CPU
		{197A9406-288E-498D-BD73-2D993A6B7137}.Ad-Hoc|Any CPU.Deploy.0 = Release|Any CPU
		{197A9406-288E-498D-BD73-2D993A6B7137}.Ad-Hoc|ARM.ActiveCfg = Release|ARM
		{197A9406-288E-498D-BD73-2D993A6B7137}.Ad-Hoc|ARM.Build.0 = Release|ARM
		{197A9406-288E-498D-BD73-2D993A6B7137}.Ad-Hoc|ARM.Deploy.0 = Release|ARM
		{197A9406-288E-498D-BD73-2D993A6B7137}.Ad-Hoc|iPhone.ActiveCfg = Release|Any CPU
		{197A9406-288E-498D-BD73-2D993A6B7137}.Ad-Hoc|iPhone.Build.0 = Release|Any CPU
		{197A9406-288E-498D-BD73-2D993A6B7137}.Ad-Hoc|iPhone.Deploy.0 = Release|Any CPU
		{197A9406-288E-498D-BD73-2D993A6B7137}.Ad-Hoc|iPhoneSimulator.ActiveCfg = Release|Any CPU
		{197A9406-288E-498D-BD73-2D993A6B7137}.Ad-Hoc|iPhoneSimulator.Build.0 = Release|Any CPU
		{197A9406-288E-498D-BD73-2D993A6B7137}.Ad-Hoc|iPhoneSimulator.Deploy.0 = Release|Any CPU
		{197A9406-288E-498D-BD73-2D993A6B7137}.Ad-Hoc|x64.ActiveCfg = Release|Any CPU
		{197A9406-288E-498D-BD73-2D993A6B7137}.Ad-Hoc|x64.Build.0 = Release|Any CPU
		{197A9406-288E-498D-BD73-2D993A6B7137}.Ad-Hoc|x64.Deploy.0 = Release|Any CPU
		{197A9406-288E-498D-BD73-2D993A6B7137}.Ad-Hoc|x86.ActiveCfg = Release|x86
		{197A9406-288E-498D-BD73-2D993A6B7137}.Ad-Hoc|x86.Build.0 = Release|x86
		{197A9406-288E-498D-BD73-2D993A6B7137}.Ad-Hoc|x86.Deploy.0 = Release|x86
		{197A9406-288E-498D-BD73-2D993A6B7137}.AppStore|Any CPU.ActiveCfg = Release|Any CPU
		{197A9406-288E-498D-BD73-2D993A6B7137}.AppStore|Any CPU.Build.0 = Release|Any CPU
		{197A9406-288E-498D-BD73-2D993A6B7137}.AppStore|Any CPU.Deploy.0 = Release|Any CPU
		{197A9406-288E-498D-BD73-2D993A6B7137}.AppStore|ARM.ActiveCfg = Release|ARM
		{197A9406-288E-498D-BD73-2D993A6B7137}.AppStore|ARM.Build.0 = Release|ARM
		{197A9406-288E-498D-BD73-2D993A6B7137}.AppStore|ARM.Deploy.0 = Release|ARM
		{197A9406-288E-498D-BD73-2D993A6B7137}.AppStore|iPhone.ActiveCfg = Release|Any CPU
		{197A9406-288E-498D-BD73-2D993A6B7137}.AppStore|iPhone.Build.0 = Release|Any CPU
		{197A9406-288E-498D-BD73-2D993A6B7137}.AppStore|iPhone.Deploy.0 = Release|Any CPU
		{197A9406-288E-498D-BD73-2D993A6B7137}.AppStore|iPhoneSimulator.ActiveCfg = Release|Any CPU
		{197A9406-288E-498D-BD73-2D993A6B7137}.AppStore|iPhoneSimulator.Build.0 = Release|Any CPU
		{197A9406-288E-498D-BD73-2D993A6B7137}.AppStore|iPhoneSimulator.Deploy.0 = Release|Any CPU
		{197A9406-288E-498D-BD73-2D993A6B7137}.AppStore|x64.ActiveCfg = Release|Any CPU
		{197A9406-288E-498D-BD73-2D993A6B7137}.AppStore|x64.Build.0 = Release|Any CPU
		{197A9406-288E-498D-BD73-2D993A6B7137}.AppStore|x64.Deploy.0 = Release|Any CPU
		{197A9406-288E-498D-BD73-2D993A6B7137}.AppStore|x86.ActiveCfg = Release|x86
		{197A9406-288E-498D-BD73-2D993A6B7137}.AppStore|x86.Build.0 = Release|x86
		{197A9406-288E-498D-BD73-2D993A6B7137}.AppStore|x86.Deploy.0 = Release|x86
		{197A9406-288E-498D-BD73-2D993A6B7137}.Debug|Any CPU.ActiveCfg = Debug|Any CPU
		{197A9406-288E-498D-BD73-2D993A6B7137}.Debug|Any CPU.Build.0 = Debug|Any CPU
		{197A9406-288E-498D-BD73-2D993A6B7137}.Debug|Any CPU.Deploy.0 = Debug|Any CPU
		{197A9406-288E-498D-BD73-2D993A6B7137}.Debug|ARM.ActiveCfg = Debug|ARM
		{197A9406-288E-498D-BD73-2D993A6B7137}.Debug|ARM.Build.0 = Debug|ARM
		{197A9406-288E-498D-BD73-2D993A6B7137}.Debug|ARM.Deploy.0 = Debug|ARM
		{197A9406-288E-498D-BD73-2D993A6B7137}.Debug|iPhone.ActiveCfg = Debug|Any CPU
		{197A9406-288E-498D-BD73-2D993A6B7137}.Debug|iPhone.Build.0 = Debug|Any CPU
		{197A9406-288E-498D-BD73-2D993A6B7137}.Debug|iPhone.Deploy.0 = Debug|Any CPU
		{197A9406-288E-498D-BD73-2D993A6B7137}.Debug|iPhoneSimulator.ActiveCfg = Debug|Any CPU
		{197A9406-288E-498D-BD73-2D993A6B7137}.Debug|iPhoneSimulator.Build.0 = Debug|Any CPU
		{197A9406-288E-498D-BD73-2D993A6B7137}.Debug|iPhoneSimulator.Deploy.0 = Debug|Any CPU
		{197A9406-288E-498D-BD73-2D993A6B7137}.Debug|x64.ActiveCfg = Debug|Any CPU
		{197A9406-288E-498D-BD73-2D993A6B7137}.Debug|x64.Build.0 = Debug|Any CPU
		{197A9406-288E-498D-BD73-2D993A6B7137}.Debug|x64.Deploy.0 = Debug|Any CPU
		{197A9406-288E-498D-BD73-2D993A6B7137}.Debug|x86.ActiveCfg = Debug|x86
		{197A9406-288E-498D-BD73-2D993A6B7137}.Debug|x86.Build.0 = Debug|x86
		{197A9406-288E-498D-BD73-2D993A6B7137}.Debug|x86.Deploy.0 = Debug|x86
		{197A9406-288E-498D-BD73-2D993A6B7137}.Release|Any CPU.ActiveCfg = Release|Any CPU
		{197A9406-288E-498D-BD73-2D993A6B7137}.Release|Any CPU.Build.0 = Release|Any CPU
		{197A9406-288E-498D-BD73-2D993A6B7137}.Release|Any CPU.Deploy.0 = Release|Any CPU
		{197A9406-288E-498D-BD73-2D993A6B7137}.Release|ARM.ActiveCfg = Release|ARM
		{197A9406-288E-498D-BD73-2D993A6B7137}.Release|ARM.Build.0 = Release|ARM
		{197A9406-288E-498D-BD73-2D993A6B7137}.Release|ARM.Deploy.0 = Release|ARM
		{197A9406-288E-498D-BD73-2D993A6B7137}.Release|iPhone.ActiveCfg = Release|Any CPU
		{197A9406-288E-498D-BD73-2D993A6B7137}.Release|iPhone.Build.0 = Release|Any CPU
		{197A9406-288E-498D-BD73-2D993A6B7137}.Release|iPhone.Deploy.0 = Release|Any CPU
		{197A9406-288E-498D-BD73-2D993A6B7137}.Release|iPhoneSimulator.ActiveCfg = Release|Any CPU
		{197A9406-288E-498D-BD73-2D993A6B7137}.Release|iPhoneSimulator.Build.0 = Release|Any CPU
		{197A9406-288E-498D-BD73-2D993A6B7137}.Release|iPhoneSimulator.Deploy.0 = Release|Any CPU
		{197A9406-288E-498D-BD73-2D993A6B7137}.Release|x64.ActiveCfg = Release|Any CPU
		{197A9406-288E-498D-BD73-2D993A6B7137}.Release|x64.Build.0 = Release|Any CPU
		{197A9406-288E-498D-BD73-2D993A6B7137}.Release|x64.Deploy.0 = Release|Any CPU
		{197A9406-288E-498D-BD73-2D993A6B7137}.Release|x86.ActiveCfg = Release|x86
		{197A9406-288E-498D-BD73-2D993A6B7137}.Release|x86.Build.0 = Release|x86
		{197A9406-288E-498D-BD73-2D993A6B7137}.Release|x86.Deploy.0 = Release|x86
		{B876A426-A531-4397-AC19-96B239059D54}.Ad-Hoc|Any CPU.ActiveCfg = Release|Any CPU
		{B876A426-A531-4397-AC19-96B239059D54}.Ad-Hoc|Any CPU.Build.0 = Release|Any CPU
		{B876A426-A531-4397-AC19-96B239059D54}.Ad-Hoc|Any CPU.Deploy.0 = Release|Any CPU
		{B876A426-A531-4397-AC19-96B239059D54}.Ad-Hoc|ARM.ActiveCfg = Release|Any CPU
		{B876A426-A531-4397-AC19-96B239059D54}.Ad-Hoc|ARM.Build.0 = Release|Any CPU
		{B876A426-A531-4397-AC19-96B239059D54}.Ad-Hoc|ARM.Deploy.0 = Release|Any CPU
		{B876A426-A531-4397-AC19-96B239059D54}.Ad-Hoc|iPhone.ActiveCfg = Release|Any CPU
		{B876A426-A531-4397-AC19-96B239059D54}.Ad-Hoc|iPhone.Build.0 = Release|Any CPU
		{B876A426-A531-4397-AC19-96B239059D54}.Ad-Hoc|iPhone.Deploy.0 = Release|Any CPU
		{B876A426-A531-4397-AC19-96B239059D54}.Ad-Hoc|iPhoneSimulator.ActiveCfg = Release|Any CPU
		{B876A426-A531-4397-AC19-96B239059D54}.Ad-Hoc|iPhoneSimulator.Build.0 = Release|Any CPU
		{B876A426-A531-4397-AC19-96B239059D54}.Ad-Hoc|iPhoneSimulator.Deploy.0 = Release|Any CPU
		{B876A426-A531-4397-AC19-96B239059D54}.Ad-Hoc|x64.ActiveCfg = Release|Any CPU
		{B876A426-A531-4397-AC19-96B239059D54}.Ad-Hoc|x64.Build.0 = Release|Any CPU
		{B876A426-A531-4397-AC19-96B239059D54}.Ad-Hoc|x64.Deploy.0 = Release|Any CPU
		{B876A426-A531-4397-AC19-96B239059D54}.Ad-Hoc|x86.ActiveCfg = Release|Any CPU
		{B876A426-A531-4397-AC19-96B239059D54}.Ad-Hoc|x86.Build.0 = Release|Any CPU
		{B876A426-A531-4397-AC19-96B239059D54}.Ad-Hoc|x86.Deploy.0 = Release|Any CPU
		{B876A426-A531-4397-AC19-96B239059D54}.AppStore|Any CPU.ActiveCfg = Release|Any CPU
		{B876A426-A531-4397-AC19-96B239059D54}.AppStore|Any CPU.Build.0 = Release|Any CPU
		{B876A426-A531-4397-AC19-96B239059D54}.AppStore|Any CPU.Deploy.0 = Release|Any CPU
		{B876A426-A531-4397-AC19-96B239059D54}.AppStore|ARM.ActiveCfg = Release|Any CPU
		{B876A426-A531-4397-AC19-96B239059D54}.AppStore|ARM.Build.0 = Release|Any CPU
		{B876A426-A531-4397-AC19-96B239059D54}.AppStore|ARM.Deploy.0 = Release|Any CPU
		{B876A426-A531-4397-AC19-96B239059D54}.AppStore|iPhone.ActiveCfg = Release|Any CPU
		{B876A426-A531-4397-AC19-96B239059D54}.AppStore|iPhone.Build.0 = Release|Any CPU
		{B876A426-A531-4397-AC19-96B239059D54}.AppStore|iPhone.Deploy.0 = Release|Any CPU
		{B876A426-A531-4397-AC19-96B239059D54}.AppStore|iPhoneSimulator.ActiveCfg = Release|Any CPU
		{B876A426-A531-4397-AC19-96B239059D54}.AppStore|iPhoneSimulator.Build.0 = Release|Any CPU
		{B876A426-A531-4397-AC19-96B239059D54}.AppStore|iPhoneSimulator.Deploy.0 = Release|Any CPU
		{B876A426-A531-4397-AC19-96B239059D54}.AppStore|x64.ActiveCfg = Release|Any CPU
		{B876A426-A531-4397-AC19-96B239059D54}.AppStore|x64.Build.0 = Release|Any CPU
		{B876A426-A531-4397-AC19-96B239059D54}.AppStore|x64.Deploy.0 = Release|Any CPU
		{B876A426-A531-4397-AC19-96B239059D54}.AppStore|x86.ActiveCfg = Release|Any CPU
		{B876A426-A531-4397-AC19-96B239059D54}.AppStore|x86.Build.0 = Release|Any CPU
		{B876A426-A531-4397-AC19-96B239059D54}.AppStore|x86.Deploy.0 = Release|Any CPU
		{B876A426-A531-4397-AC19-96B239059D54}.Debug|Any CPU.ActiveCfg = Debug|Any CPU
		{B876A426-A531-4397-AC19-96B239059D54}.Debug|Any CPU.Build.0 = Debug|Any CPU
		{B876A426-A531-4397-AC19-96B239059D54}.Debug|Any CPU.Deploy.0 = Debug|Any CPU
		{B876A426-A531-4397-AC19-96B239059D54}.Debug|ARM.ActiveCfg = Debug|Any CPU
		{B876A426-A531-4397-AC19-96B239059D54}.Debug|ARM.Build.0 = Debug|Any CPU
		{B876A426-A531-4397-AC19-96B239059D54}.Debug|ARM.Deploy.0 = Debug|Any CPU
		{B876A426-A531-4397-AC19-96B239059D54}.Debug|iPhone.ActiveCfg = Debug|Any CPU
		{B876A426-A531-4397-AC19-96B239059D54}.Debug|iPhone.Build.0 = Debug|Any CPU
		{B876A426-A531-4397-AC19-96B239059D54}.Debug|iPhone.Deploy.0 = Debug|Any CPU
		{B876A426-A531-4397-AC19-96B239059D54}.Debug|iPhoneSimulator.ActiveCfg = Debug|Any CPU
		{B876A426-A531-4397-AC19-96B239059D54}.Debug|iPhoneSimulator.Build.0 = Debug|Any CPU
		{B876A426-A531-4397-AC19-96B239059D54}.Debug|iPhoneSimulator.Deploy.0 = Debug|Any CPU
		{B876A426-A531-4397-AC19-96B239059D54}.Debug|x64.ActiveCfg = Debug|Any CPU
		{B876A426-A531-4397-AC19-96B239059D54}.Debug|x64.Build.0 = Debug|Any CPU
		{B876A426-A531-4397-AC19-96B239059D54}.Debug|x64.Deploy.0 = Debug|Any CPU
		{B876A426-A531-4397-AC19-96B239059D54}.Debug|x86.ActiveCfg = Debug|Any CPU
		{B876A426-A531-4397-AC19-96B239059D54}.Debug|x86.Build.0 = Debug|Any CPU
		{B876A426-A531-4397-AC19-96B239059D54}.Debug|x86.Deploy.0 = Debug|Any CPU
		{B876A426-A531-4397-AC19-96B239059D54}.Release|Any CPU.ActiveCfg = Release|Any CPU
		{B876A426-A531-4397-AC19-96B239059D54}.Release|Any CPU.Build.0 = Release|Any CPU
		{B876A426-A531-4397-AC19-96B239059D54}.Release|Any CPU.Deploy.0 = Release|Any CPU
		{B876A426-A531-4397-AC19-96B239059D54}.Release|ARM.ActiveCfg = Release|Any CPU
		{B876A426-A531-4397-AC19-96B239059D54}.Release|ARM.Build.0 = Release|Any CPU
		{B876A426-A531-4397-AC19-96B239059D54}.Release|ARM.Deploy.0 = Release|Any CPU
		{B876A426-A531-4397-AC19-96B239059D54}.Release|iPhone.ActiveCfg = Release|Any CPU
		{B876A426-A531-4397-AC19-96B239059D54}.Release|iPhone.Build.0 = Release|Any CPU
		{B876A426-A531-4397-AC19-96B239059D54}.Release|iPhone.Deploy.0 = Release|Any CPU
		{B876A426-A531-4397-AC19-96B239059D54}.Release|iPhoneSimulator.ActiveCfg = Release|Any CPU
		{B876A426-A531-4397-AC19-96B239059D54}.Release|iPhoneSimulator.Build.0 = Release|Any CPU
		{B876A426-A531-4397-AC19-96B239059D54}.Release|iPhoneSimulator.Deploy.0 = Release|Any CPU
		{B876A426-A531-4397-AC19-96B239059D54}.Release|x64.ActiveCfg = Release|Any CPU
		{B876A426-A531-4397-AC19-96B239059D54}.Release|x64.Build.0 = Release|Any CPU
		{B876A426-A531-4397-AC19-96B239059D54}.Release|x64.Deploy.0 = Release|Any CPU
		{B876A426-A531-4397-AC19-96B239059D54}.Release|x86.ActiveCfg = Release|Any CPU
		{B876A426-A531-4397-AC19-96B239059D54}.Release|x86.Build.0 = Release|Any CPU
		{B876A426-A531-4397-AC19-96B239059D54}.Release|x86.Deploy.0 = Release|Any CPU
		{A025B45D-F2B4-4B1F-B469-C7779F817C6F}.Ad-Hoc|Any CPU.ActiveCfg = Release|Any CPU
		{A025B45D-F2B4-4B1F-B469-C7779F817C6F}.Ad-Hoc|Any CPU.Build.0 = Release|Any CPU
		{A025B45D-F2B4-4B1F-B469-C7779F817C6F}.Ad-Hoc|ARM.ActiveCfg = Release|Any CPU
		{A025B45D-F2B4-4B1F-B469-C7779F817C6F}.Ad-Hoc|ARM.Build.0 = Release|Any CPU
		{A025B45D-F2B4-4B1F-B469-C7779F817C6F}.Ad-Hoc|iPhone.ActiveCfg = Release|Any CPU
		{A025B45D-F2B4-4B1F-B469-C7779F817C6F}.Ad-Hoc|iPhone.Build.0 = Release|Any CPU
		{A025B45D-F2B4-4B1F-B469-C7779F817C6F}.Ad-Hoc|iPhoneSimulator.ActiveCfg = Release|Any CPU
		{A025B45D-F2B4-4B1F-B469-C7779F817C6F}.Ad-Hoc|iPhoneSimulator.Build.0 = Release|Any CPU
		{A025B45D-F2B4-4B1F-B469-C7779F817C6F}.Ad-Hoc|x64.ActiveCfg = Release|Any CPU
		{A025B45D-F2B4-4B1F-B469-C7779F817C6F}.Ad-Hoc|x64.Build.0 = Release|Any CPU
		{A025B45D-F2B4-4B1F-B469-C7779F817C6F}.Ad-Hoc|x86.ActiveCfg = Release|Any CPU
		{A025B45D-F2B4-4B1F-B469-C7779F817C6F}.Ad-Hoc|x86.Build.0 = Release|Any CPU
		{A025B45D-F2B4-4B1F-B469-C7779F817C6F}.AppStore|Any CPU.ActiveCfg = Release|Any CPU
		{A025B45D-F2B4-4B1F-B469-C7779F817C6F}.AppStore|Any CPU.Build.0 = Release|Any CPU
		{A025B45D-F2B4-4B1F-B469-C7779F817C6F}.AppStore|ARM.ActiveCfg = Release|Any CPU
		{A025B45D-F2B4-4B1F-B469-C7779F817C6F}.AppStore|ARM.Build.0 = Release|Any CPU
		{A025B45D-F2B4-4B1F-B469-C7779F817C6F}.AppStore|iPhone.ActiveCfg = Release|Any CPU
		{A025B45D-F2B4-4B1F-B469-C7779F817C6F}.AppStore|iPhone.Build.0 = Release|Any CPU
		{A025B45D-F2B4-4B1F-B469-C7779F817C6F}.AppStore|iPhoneSimulator.ActiveCfg = Release|Any CPU
		{A025B45D-F2B4-4B1F-B469-C7779F817C6F}.AppStore|iPhoneSimulator.Build.0 = Release|Any CPU
		{A025B45D-F2B4-4B1F-B469-C7779F817C6F}.AppStore|x64.ActiveCfg = Release|Any CPU
		{A025B45D-F2B4-4B1F-B469-C7779F817C6F}.AppStore|x64.Build.0 = Release|Any CPU
		{A025B45D-F2B4-4B1F-B469-C7779F817C6F}.AppStore|x86.ActiveCfg = Release|Any CPU
		{A025B45D-F2B4-4B1F-B469-C7779F817C6F}.AppStore|x86.Build.0 = Release|Any CPU
		{A025B45D-F2B4-4B1F-B469-C7779F817C6F}.Debug|Any CPU.ActiveCfg = Debug|Any CPU
		{A025B45D-F2B4-4B1F-B469-C7779F817C6F}.Debug|Any CPU.Build.0 = Debug|Any CPU
		{A025B45D-F2B4-4B1F-B469-C7779F817C6F}.Debug|ARM.ActiveCfg = Debug|Any CPU
		{A025B45D-F2B4-4B1F-B469-C7779F817C6F}.Debug|ARM.Build.0 = Debug|Any CPU
		{A025B45D-F2B4-4B1F-B469-C7779F817C6F}.Debug|iPhone.ActiveCfg = Debug|Any CPU
		{A025B45D-F2B4-4B1F-B469-C7779F817C6F}.Debug|iPhone.Build.0 = Debug|Any CPU
		{A025B45D-F2B4-4B1F-B469-C7779F817C6F}.Debug|iPhoneSimulator.ActiveCfg = Debug|Any CPU
		{A025B45D-F2B4-4B1F-B469-C7779F817C6F}.Debug|iPhoneSimulator.Build.0 = Debug|Any CPU
		{A025B45D-F2B4-4B1F-B469-C7779F817C6F}.Debug|x64.ActiveCfg = Debug|Any CPU
		{A025B45D-F2B4-4B1F-B469-C7779F817C6F}.Debug|x64.Build.0 = Debug|Any CPU
		{A025B45D-F2B4-4B1F-B469-C7779F817C6F}.Debug|x86.ActiveCfg = Debug|Any CPU
		{A025B45D-F2B4-4B1F-B469-C7779F817C6F}.Debug|x86.Build.0 = Debug|Any CPU
		{A025B45D-F2B4-4B1F-B469-C7779F817C6F}.Release|Any CPU.ActiveCfg = Release|Any CPU
		{A025B45D-F2B4-4B1F-B469-C7779F817C6F}.Release|Any CPU.Build.0 = Release|Any CPU
		{A025B45D-F2B4-4B1F-B469-C7779F817C6F}.Release|ARM.ActiveCfg = Release|Any CPU
		{A025B45D-F2B4-4B1F-B469-C7779F817C6F}.Release|ARM.Build.0 = Release|Any CPU
		{A025B45D-F2B4-4B1F-B469-C7779F817C6F}.Release|iPhone.ActiveCfg = Release|Any CPU
		{A025B45D-F2B4-4B1F-B469-C7779F817C6F}.Release|iPhone.Build.0 = Release|Any CPU
		{A025B45D-F2B4-4B1F-B469-C7779F817C6F}.Release|iPhoneSimulator.ActiveCfg = Release|Any CPU
		{A025B45D-F2B4-4B1F-B469-C7779F817C6F}.Release|iPhoneSimulator.Build.0 = Release|Any CPU
		{A025B45D-F2B4-4B1F-B469-C7779F817C6F}.Release|x64.ActiveCfg = Release|Any CPU
		{A025B45D-F2B4-4B1F-B469-C7779F817C6F}.Release|x64.Build.0 = Release|Any CPU
		{A025B45D-F2B4-4B1F-B469-C7779F817C6F}.Release|x86.ActiveCfg = Release|Any CPU
		{A025B45D-F2B4-4B1F-B469-C7779F817C6F}.Release|x86.Build.0 = Release|Any CPU
		{A4E1F105-FCCB-4AD8-A0A7-543220B966E9}.Ad-Hoc|Any CPU.ActiveCfg = Release|Any CPU
		{A4E1F105-FCCB-4AD8-A0A7-543220B966E9}.Ad-Hoc|Any CPU.Build.0 = Release|Any CPU
		{A4E1F105-FCCB-4AD8-A0A7-543220B966E9}.Ad-Hoc|Any CPU.Deploy.0 = Release|Any CPU
		{A4E1F105-FCCB-4AD8-A0A7-543220B966E9}.Ad-Hoc|ARM.ActiveCfg = Release|Any CPU
		{A4E1F105-FCCB-4AD8-A0A7-543220B966E9}.Ad-Hoc|ARM.Build.0 = Release|Any CPU
		{A4E1F105-FCCB-4AD8-A0A7-543220B966E9}.Ad-Hoc|ARM.Deploy.0 = Release|Any CPU
		{A4E1F105-FCCB-4AD8-A0A7-543220B966E9}.Ad-Hoc|iPhone.ActiveCfg = Release|Any CPU
		{A4E1F105-FCCB-4AD8-A0A7-543220B966E9}.Ad-Hoc|iPhone.Build.0 = Release|Any CPU
		{A4E1F105-FCCB-4AD8-A0A7-543220B966E9}.Ad-Hoc|iPhone.Deploy.0 = Release|Any CPU
		{A4E1F105-FCCB-4AD8-A0A7-543220B966E9}.Ad-Hoc|iPhoneSimulator.ActiveCfg = Release|Any CPU
		{A4E1F105-FCCB-4AD8-A0A7-543220B966E9}.Ad-Hoc|iPhoneSimulator.Build.0 = Release|Any CPU
		{A4E1F105-FCCB-4AD8-A0A7-543220B966E9}.Ad-Hoc|iPhoneSimulator.Deploy.0 = Release|Any CPU
		{A4E1F105-FCCB-4AD8-A0A7-543220B966E9}.Ad-Hoc|x64.ActiveCfg = Release|Any CPU
		{A4E1F105-FCCB-4AD8-A0A7-543220B966E9}.Ad-Hoc|x64.Build.0 = Release|Any CPU
		{A4E1F105-FCCB-4AD8-A0A7-543220B966E9}.Ad-Hoc|x64.Deploy.0 = Release|Any CPU
		{A4E1F105-FCCB-4AD8-A0A7-543220B966E9}.Ad-Hoc|x86.ActiveCfg = Release|Any CPU
		{A4E1F105-FCCB-4AD8-A0A7-543220B966E9}.Ad-Hoc|x86.Build.0 = Release|Any CPU
		{A4E1F105-FCCB-4AD8-A0A7-543220B966E9}.Ad-Hoc|x86.Deploy.0 = Release|Any CPU
		{A4E1F105-FCCB-4AD8-A0A7-543220B966E9}.AppStore|Any CPU.ActiveCfg = Release|Any CPU
		{A4E1F105-FCCB-4AD8-A0A7-543220B966E9}.AppStore|Any CPU.Build.0 = Release|Any CPU
		{A4E1F105-FCCB-4AD8-A0A7-543220B966E9}.AppStore|Any CPU.Deploy.0 = Release|Any CPU
		{A4E1F105-FCCB-4AD8-A0A7-543220B966E9}.AppStore|ARM.ActiveCfg = Release|Any CPU
		{A4E1F105-FCCB-4AD8-A0A7-543220B966E9}.AppStore|ARM.Build.0 = Release|Any CPU
		{A4E1F105-FCCB-4AD8-A0A7-543220B966E9}.AppStore|ARM.Deploy.0 = Release|Any CPU
		{A4E1F105-FCCB-4AD8-A0A7-543220B966E9}.AppStore|iPhone.ActiveCfg = Release|Any CPU
		{A4E1F105-FCCB-4AD8-A0A7-543220B966E9}.AppStore|iPhone.Build.0 = Release|Any CPU
		{A4E1F105-FCCB-4AD8-A0A7-543220B966E9}.AppStore|iPhone.Deploy.0 = Release|Any CPU
		{A4E1F105-FCCB-4AD8-A0A7-543220B966E9}.AppStore|iPhoneSimulator.ActiveCfg = Release|Any CPU
		{A4E1F105-FCCB-4AD8-A0A7-543220B966E9}.AppStore|iPhoneSimulator.Build.0 = Release|Any CPU
		{A4E1F105-FCCB-4AD8-A0A7-543220B966E9}.AppStore|iPhoneSimulator.Deploy.0 = Release|Any CPU
		{A4E1F105-FCCB-4AD8-A0A7-543220B966E9}.AppStore|x64.ActiveCfg = Release|Any CPU
		{A4E1F105-FCCB-4AD8-A0A7-543220B966E9}.AppStore|x64.Build.0 = Release|Any CPU
		{A4E1F105-FCCB-4AD8-A0A7-543220B966E9}.AppStore|x64.Deploy.0 = Release|Any CPU
		{A4E1F105-FCCB-4AD8-A0A7-543220B966E9}.AppStore|x86.ActiveCfg = Release|Any CPU
		{A4E1F105-FCCB-4AD8-A0A7-543220B966E9}.AppStore|x86.Build.0 = Release|Any CPU
		{A4E1F105-FCCB-4AD8-A0A7-543220B966E9}.AppStore|x86.Deploy.0 = Release|Any CPU
		{A4E1F105-FCCB-4AD8-A0A7-543220B966E9}.Debug|Any CPU.ActiveCfg = Debug|Any CPU
		{A4E1F105-FCCB-4AD8-A0A7-543220B966E9}.Debug|Any CPU.Build.0 = Debug|Any CPU
		{A4E1F105-FCCB-4AD8-A0A7-543220B966E9}.Debug|Any CPU.Deploy.0 = Debug|Any CPU
		{A4E1F105-FCCB-4AD8-A0A7-543220B966E9}.Debug|ARM.ActiveCfg = Debug|Any CPU
		{A4E1F105-FCCB-4AD8-A0A7-543220B966E9}.Debug|ARM.Build.0 = Debug|Any CPU
		{A4E1F105-FCCB-4AD8-A0A7-543220B966E9}.Debug|ARM.Deploy.0 = Debug|Any CPU
		{A4E1F105-FCCB-4AD8-A0A7-543220B966E9}.Debug|iPhone.ActiveCfg = Debug|Any CPU
		{A4E1F105-FCCB-4AD8-A0A7-543220B966E9}.Debug|iPhone.Build.0 = Debug|Any CPU
		{A4E1F105-FCCB-4AD8-A0A7-543220B966E9}.Debug|iPhone.Deploy.0 = Debug|Any CPU
		{A4E1F105-FCCB-4AD8-A0A7-543220B966E9}.Debug|iPhoneSimulator.ActiveCfg = Debug|Any CPU
		{A4E1F105-FCCB-4AD8-A0A7-543220B966E9}.Debug|iPhoneSimulator.Build.0 = Debug|Any CPU
		{A4E1F105-FCCB-4AD8-A0A7-543220B966E9}.Debug|iPhoneSimulator.Deploy.0 = Debug|Any CPU
		{A4E1F105-FCCB-4AD8-A0A7-543220B966E9}.Debug|x64.ActiveCfg = Debug|Any CPU
		{A4E1F105-FCCB-4AD8-A0A7-543220B966E9}.Debug|x64.Build.0 = Debug|Any CPU
		{A4E1F105-FCCB-4AD8-A0A7-543220B966E9}.Debug|x64.Deploy.0 = Debug|Any CPU
		{A4E1F105-FCCB-4AD8-A0A7-543220B966E9}.Debug|x86.ActiveCfg = Debug|Any CPU
		{A4E1F105-FCCB-4AD8-A0A7-543220B966E9}.Debug|x86.Build.0 = Debug|Any CPU
		{A4E1F105-FCCB-4AD8-A0A7-543220B966E9}.Debug|x86.Deploy.0 = Debug|Any CPU
		{A4E1F105-FCCB-4AD8-A0A7-543220B966E9}.Release|Any CPU.ActiveCfg = Release|Any CPU
		{A4E1F105-FCCB-4AD8-A0A7-543220B966E9}.Release|Any CPU.Build.0 = Release|Any CPU
		{A4E1F105-FCCB-4AD8-A0A7-543220B966E9}.Release|Any CPU.Deploy.0 = Release|Any CPU
		{A4E1F105-FCCB-4AD8-A0A7-543220B966E9}.Release|ARM.ActiveCfg = Release|Any CPU
		{A4E1F105-FCCB-4AD8-A0A7-543220B966E9}.Release|ARM.Build.0 = Release|Any CPU
		{A4E1F105-FCCB-4AD8-A0A7-543220B966E9}.Release|ARM.Deploy.0 = Release|Any CPU
		{A4E1F105-FCCB-4AD8-A0A7-543220B966E9}.Release|iPhone.ActiveCfg = Release|Any CPU
		{A4E1F105-FCCB-4AD8-A0A7-543220B966E9}.Release|iPhone.Build.0 = Release|Any CPU
		{A4E1F105-FCCB-4AD8-A0A7-543220B966E9}.Release|iPhone.Deploy.0 = Release|Any CPU
		{A4E1F105-FCCB-4AD8-A0A7-543220B966E9}.Release|iPhoneSimulator.ActiveCfg = Release|Any CPU
		{A4E1F105-FCCB-4AD8-A0A7-543220B966E9}.Release|iPhoneSimulator.Build.0 = Release|Any CPU
		{A4E1F105-FCCB-4AD8-A0A7-543220B966E9}.Release|iPhoneSimulator.Deploy.0 = Release|Any CPU
		{A4E1F105-FCCB-4AD8-A0A7-543220B966E9}.Release|x64.ActiveCfg = Release|Any CPU
		{A4E1F105-FCCB-4AD8-A0A7-543220B966E9}.Release|x64.Build.0 = Release|Any CPU
		{A4E1F105-FCCB-4AD8-A0A7-543220B966E9}.Release|x64.Deploy.0 = Release|Any CPU
		{A4E1F105-FCCB-4AD8-A0A7-543220B966E9}.Release|x86.ActiveCfg = Release|Any CPU
		{A4E1F105-FCCB-4AD8-A0A7-543220B966E9}.Release|x86.Build.0 = Release|Any CPU
		{A4E1F105-FCCB-4AD8-A0A7-543220B966E9}.Release|x86.Deploy.0 = Release|Any CPU
	EndGlobalSection
	GlobalSection(SolutionProperties) = preSolution
		HideSolutionNode = FALSE
	EndGlobalSection
	GlobalSection(NestedProjects) = preSolution
		{632BBDA2-0ECA-42AE-9589-D57D22D55ACF} = {1A4D67B3-3B91-45A9-99C4-B3DA54457DB2}
		{EB4D4F48-45CE-4926-9D9B-1B80235BF7EA} = {1A4D67B3-3B91-45A9-99C4-B3DA54457DB2}
		{197A9406-288E-498D-BD73-2D993A6B7137} = {1A4D67B3-3B91-45A9-99C4-B3DA54457DB2}
		{A025B45D-F2B4-4B1F-B469-C7779F817C6F} = {BE563CEA-075C-4D6A-A4CA-9ABE57AA51C8}
		{A4E1F105-FCCB-4AD8-A0A7-543220B966E9} = {BE563CEA-075C-4D6A-A4CA-9ABE57AA51C8}
	EndGlobalSection
EndGlobal
