
Microsoft Visual Studio Solution File, Format Version 12.00
# Visual Studio 15
VisualStudioVersion = 15.0.26430.12
MinimumVisualStudioVersion = 10.0.40219.1
Project("{F2A71F9B-5D33-465A-A702-920D77279786}") = "Tutorial", "Tutorial\Tutorial.fsproj", "{D3BB8D2F-4305-42D7-A55E-2EAB2BF5CF66}"
EndProject
Project("{F2A71F9B-5D33-465A-A702-920D77279786}") = "FSharp.ConsoleApp", "FSharp.ConsoleApp\FSharp.ConsoleApp.fsproj", "{C45BA79F-5D2F-4656-B66C-AF1C027E7851}"
EndProject
Global
	GlobalSection(SolutionConfigurationPlatforms) = preSolution
		Debug|Any CPU = Debug|Any CPU
		Release|Any CPU = Release|Any CPU
	EndGlobalSection
	GlobalSection(ProjectConfigurationPlatforms) = postSolution
		{D3BB8D2F-4305-42D7-A55E-2EAB2BF5CF66}.Debug|Any CPU.ActiveCfg = Debug|Any CPU
		{D3BB8D2F-4305-42D7-A55E-2EAB2BF5CF66}.Debug|Any CPU.Build.0 = Debug|Any CPU
		{D3BB8D2F-4305-42D7-A55E-2EAB2BF5CF66}.Release|Any CPU.ActiveCfg = Release|Any CPU
		{D3BB8D2F-4305-42D7-A55E-2EAB2BF5CF66}.Release|Any CPU.Build.0 = Release|Any CPU
		{C45BA79F-5D2F-4656-B66C-AF1C027E7851}.Debug|Any CPU.ActiveCfg = Debug|Any CPU
		{C45BA79F-5D2F-4656-B66C-AF1C027E7851}.Debug|Any CPU.Build.0 = Debug|Any CPU
		{C45BA79F-5D2F-4656-B66C-AF1C027E7851}.Release|Any CPU.ActiveCfg = Release|Any CPU
		{C45BA79F-5D2F-4656-B66C-AF1C027E7851}.Release|Any CPU.Build.0 = Release|Any CPU
	EndGlobalSection
	GlobalSection(SolutionProperties) = preSolution
		HideSolutionNode = FALSE
	EndGlobalSection
EndGlobal
